
Microsoft Visual Studio Solution File, Format Version 12.00
# Visual Studio Version 16
VisualStudioVersion = 16.0.29209.62
MinimumVisualStudioVersion = 10.0.40219.1
Project("{FAE04EC0-301F-11D3-BF4B-00C04F79EFBC}") = "EmployeeManagementSystem", "EmployeeManagementSystem\EmployeeManagementSystem.csproj", "{FCA3D128-9F13-4174-909B-8B45FE52D270}"
EndProject
Project("{FAE04EC0-301F-11D3-BF4B-00C04F79EFBC}") = "EMSTest", "EMSTest\EMSTest.csproj", "{6216C358-C4F7-4A70-9AE2-8CE7B95CF22A}"
EndProject
Global
	GlobalSection(SolutionConfigurationPlatforms) = preSolution
		Debug|Any CPU = Debug|Any CPU
		Release|Any CPU = Release|Any CPU
	EndGlobalSection
	GlobalSection(ProjectConfigurationPlatforms) = postSolution
		{FCA3D128-9F13-4174-909B-8B45FE52D270}.Debug|Any CPU.ActiveCfg = Debug|Any CPU
		{FCA3D128-9F13-4174-909B-8B45FE52D270}.Debug|Any CPU.Build.0 = Debug|Any CPU
		{FCA3D128-9F13-4174-909B-8B45FE52D270}.Release|Any CPU.ActiveCfg = Release|Any CPU
		{FCA3D128-9F13-4174-909B-8B45FE52D270}.Release|Any CPU.Build.0 = Release|Any CPU
		{6216C358-C4F7-4A70-9AE2-8CE7B95CF22A}.Debug|Any CPU.ActiveCfg = Debug|Any CPU
		{6216C358-C4F7-4A70-9AE2-8CE7B95CF22A}.Debug|Any CPU.Build.0 = Debug|Any CPU
		{6216C358-C4F7-4A70-9AE2-8CE7B95CF22A}.Release|Any CPU.ActiveCfg = Release|Any CPU
		{6216C358-C4F7-4A70-9AE2-8CE7B95CF22A}.Release|Any CPU.Build.0 = Release|Any CPU
	EndGlobalSection
	GlobalSection(SolutionProperties) = preSolution
		HideSolutionNode = FALSE
	EndGlobalSection
	GlobalSection(ExtensibilityGlobals) = postSolution
		SolutionGuid = {C1C8454F-6957-4F9F-99C0-E88EDB72CE8A}
	EndGlobalSection
EndGlobal
